// !$*UTF8*$!
{
	archiveVersion = 1;
	classes = {
	};
	objectVersion = 48;
	objects = {

/* Begin PBXBuildFile section */
		5A03A4B020E8CEFF00BC46EC /* BPNotificationInfo.swift in Sources */ = {isa = PBXBuildFile; fileRef = 5A03A4AF20E8CEFF00BC46EC /* BPNotificationInfo.swift */; };
		5A175BC320ECA6240007DC67 /* GMStepper.swift in Sources */ = {isa = PBXBuildFile; fileRef = 5A175BC220ECA6240007DC67 /* GMStepper.swift */; };
		5A175BC520ED71A40007DC67 /* DatePickerPopupVC.swift in Sources */ = {isa = PBXBuildFile; fileRef = 5A175BC420ED71A40007DC67 /* DatePickerPopupVC.swift */; };
		5A3F09CA20EC20FD0041AA49 /* ReminderDescBorder.swift in Sources */ = {isa = PBXBuildFile; fileRef = 5A3F09C920EC20FD0041AA49 /* ReminderDescBorder.swift */; };
		5A68BB4220A98EDE00BC0509 /* Lato-Bold.ttf in Resources */ = {isa = PBXBuildFile; fileRef = 5A68BB3C20A98EDD00BC0509 /* Lato-Bold.ttf */; };
		5A68BB4320A98EDE00BC0509 /* Lato-Light.ttf in Resources */ = {isa = PBXBuildFile; fileRef = 5A68BB3D20A98EDD00BC0509 /* Lato-Light.ttf */; };
		5A68BB4420A98EDE00BC0509 /* Lato-Medium.ttf in Resources */ = {isa = PBXBuildFile; fileRef = 5A68BB3E20A98EDD00BC0509 /* Lato-Medium.ttf */; };
		5A68BB4520A98EDE00BC0509 /* Lato-Regular.ttf in Resources */ = {isa = PBXBuildFile; fileRef = 5A68BB3F20A98EDD00BC0509 /* Lato-Regular.ttf */; };
		5A68BB4620A98EDE00BC0509 /* Lato-Semibold.ttf in Resources */ = {isa = PBXBuildFile; fileRef = 5A68BB4020A98EDD00BC0509 /* Lato-Semibold.ttf */; };
		5A68BB4720A98EDE00BC0509 /* Lato-Thin.ttf in Resources */ = {isa = PBXBuildFile; fileRef = 5A68BB4120A98EDD00BC0509 /* Lato-Thin.ttf */; };
		5A68BB4F20ACD7A000BC0509 /* CategoryBtnShadow.swift in Sources */ = {isa = PBXBuildFile; fileRef = 5A68BB4E20ACD7A000BC0509 /* CategoryBtnShadow.swift */; };
		5A68BB5320AEB46700BC0509 /* UNService.swift in Sources */ = {isa = PBXBuildFile; fileRef = 5A68BB5220AEB46700BC0509 /* UNService.swift */; };
		5A68BB5720B3606C00BC0509 /* NotificationAuthorizationOptions.swift in Sources */ = {isa = PBXBuildFile; fileRef = 5A68BB5620B3606C00BC0509 /* NotificationAuthorizationOptions.swift */; };
		5A68BB5920B362F100BC0509 /* BluepinNotification.swift in Sources */ = {isa = PBXBuildFile; fileRef = 5A68BB5820B362F100BC0509 /* BluepinNotification.swift */; };
		5A68BB5D20B363E500BC0509 /* Date+Scheduler.swift in Sources */ = {isa = PBXBuildFile; fileRef = 5A68BB5C20B363E500BC0509 /* Date+Scheduler.swift */; };
		5A68BB5F20B364A900BC0509 /* NotificationSound.swift in Sources */ = {isa = PBXBuildFile; fileRef = 5A68BB5E20B364A900BC0509 /* NotificationSound.swift */; };
		5A68BB6120B36DF600BC0509 /* NotificationRequest.swift in Sources */ = {isa = PBXBuildFile; fileRef = 5A68BB6020B36DF600BC0509 /* NotificationRequest.swift */; };
		5A68BB6920BA907800BC0509 /* bluepinTests.swift in Sources */ = {isa = PBXBuildFile; fileRef = 5A68BB6820BA907800BC0509 /* bluepinTests.swift */; };
		5A68BB7120BA90C900BC0509 /* NotificationTests.swift in Sources */ = {isa = PBXBuildFile; fileRef = 5A68BB7020BA90C900BC0509 /* NotificationTests.swift */; };
		5A741DE320E41134000790C8 /* NotificationPersistedQueue.swift in Sources */ = {isa = PBXBuildFile; fileRef = 5A741DE220E41134000790C8 /* NotificationPersistedQueue.swift */; };
		5A741DE420E43926000790C8 /* ReminderTests.swift in Sources */ = {isa = PBXBuildFile; fileRef = 5A511E4120D050D1002EAC07 /* ReminderTests.swift */; };
		5A8B043C20E9D7830073387C /* ReminderCategoriesVC.swift in Sources */ = {isa = PBXBuildFile; fileRef = 5A8B043B20E9D7830073387C /* ReminderCategoriesVC.swift */; };
		5A8B043E20E9D7D10073387C /* CategoryRemindersVC.swift in Sources */ = {isa = PBXBuildFile; fileRef = 5A8B043D20E9D7D10073387C /* CategoryRemindersVC.swift */; };
		5A8B044020E9D8460073387C /* ReminderDetailVC.swift in Sources */ = {isa = PBXBuildFile; fileRef = 5A8B043F20E9D8460073387C /* ReminderDetailVC.swift */; };
		5A8B044220E9D85E0073387C /* ReminderConfigurationVC.swift in Sources */ = {isa = PBXBuildFile; fileRef = 5A8B044120E9D85E0073387C /* ReminderConfigurationVC.swift */; };
		5A8B044520E9E9390073387C /* DailyConfigVC.swift in Sources */ = {isa = PBXBuildFile; fileRef = 5A8B044420E9E9390073387C /* DailyConfigVC.swift */; };
		5A8B044720E9E94B0073387C /* WeeklyConfigVC.swift in Sources */ = {isa = PBXBuildFile; fileRef = 5A8B044620E9E94B0073387C /* WeeklyConfigVC.swift */; };
		5A8B044920E9E95B0073387C /* MonthlyConfigVC.swift in Sources */ = {isa = PBXBuildFile; fileRef = 5A8B044820E9E95B0073387C /* MonthlyConfigVC.swift */; };
		5A8B044B20E9E9720073387C /* OnceConfigVC.swift in Sources */ = {isa = PBXBuildFile; fileRef = 5A8B044A20E9E9720073387C /* OnceConfigVC.swift */; };
		5A9BABB720A5827A000F3976 /* AppDelegate.swift in Sources */ = {isa = PBXBuildFile; fileRef = 5A9BABB620A5827A000F3976 /* AppDelegate.swift */; };
		5A9BABB920A5827A000F3976 /* MyRemindersVC.swift in Sources */ = {isa = PBXBuildFile; fileRef = 5A9BABB820A5827A000F3976 /* MyRemindersVC.swift */; };
		5A9BABBC20A5827A000F3976 /* Main.storyboard in Resources */ = {isa = PBXBuildFile; fileRef = 5A9BABBA20A5827A000F3976 /* Main.storyboard */; };
		5A9BABBE20A5827A000F3976 /* Assets.xcassets in Resources */ = {isa = PBXBuildFile; fileRef = 5A9BABBD20A5827A000F3976 /* Assets.xcassets */; };
		5A9BABC120A5827A000F3976 /* LaunchScreen.storyboard in Resources */ = {isa = PBXBuildFile; fileRef = 5A9BABBF20A5827A000F3976 /* LaunchScreen.storyboard */; };
		5AAD5C8620BBDA4E00E86806 /* NotificationScheduleTests.swift in Sources */ = {isa = PBXBuildFile; fileRef = 5AAD5C8520BBDA4E00E86806 /* NotificationScheduleTests.swift */; };
		5AAD5C8820BFD99600E86806 /* SortedArray.swift in Sources */ = {isa = PBXBuildFile; fileRef = 5AAD5C8720BFD99500E86806 /* SortedArray.swift */; };
		5AB1EC5E20EF7630003F64C3 /* Constants.swift in Sources */ = {isa = PBXBuildFile; fileRef = 5AB1EC5D20EF7630003F64C3 /* Constants.swift */; };
		5DE0977A21C3C3BE53603D00 /* Pods_bluepinTests.framework in Frameworks */ = {isa = PBXBuildFile; fileRef = 1DF0D040215200B99F16452E /* Pods_bluepinTests.framework */; };
		FB148E54D5F4D729AA7FD1F2 /* Pods_bluepin.framework in Frameworks */ = {isa = PBXBuildFile; fileRef = AB82EABDB47B33DCD2DCB862 /* Pods_bluepin.framework */; };
/* End PBXBuildFile section */

/* Begin PBXContainerItemProxy section */
		5A68BB6B20BA907900BC0509 /* PBXContainerItemProxy */ = {
			isa = PBXContainerItemProxy;
			containerPortal = 5A9BABAB20A5827A000F3976 /* Project object */;
			proxyType = 1;
			remoteGlobalIDString = 5A9BABB220A5827A000F3976;
			remoteInfo = bluepin;
		};
/* End PBXContainerItemProxy section */

/* Begin PBXFileReference section */
		172DB99B0711A3FA9E5040E4 /* Pods-bluepin.release.xcconfig */ = {isa = PBXFileReference; includeInIndex = 1; lastKnownFileType = text.xcconfig; name = "Pods-bluepin.release.xcconfig"; path = "Pods/Target Support Files/Pods-bluepin/Pods-bluepin.release.xcconfig"; sourceTree = "<group>"; };
		1DF0D040215200B99F16452E /* Pods_bluepinTests.framework */ = {isa = PBXFileReference; explicitFileType = wrapper.framework; includeInIndex = 0; path = Pods_bluepinTests.framework; sourceTree = BUILT_PRODUCTS_DIR; };
		21BF6B9718972D558FA58FAB /* Pods-bluepinTests.debug.xcconfig */ = {isa = PBXFileReference; includeInIndex = 1; lastKnownFileType = text.xcconfig; name = "Pods-bluepinTests.debug.xcconfig"; path = "Pods/Target Support Files/Pods-bluepinTests/Pods-bluepinTests.debug.xcconfig"; sourceTree = "<group>"; };
		5A03A4AF20E8CEFF00BC46EC /* BPNotificationInfo.swift */ = {isa = PBXFileReference; lastKnownFileType = sourcecode.swift; path = BPNotificationInfo.swift; sourceTree = "<group>"; };
		5A175BC220ECA6240007DC67 /* GMStepper.swift */ = {isa = PBXFileReference; fileEncoding = 4; lastKnownFileType = sourcecode.swift; path = GMStepper.swift; sourceTree = "<group>"; };
		5A175BC420ED71A40007DC67 /* DatePickerPopupVC.swift */ = {isa = PBXFileReference; lastKnownFileType = sourcecode.swift; path = DatePickerPopupVC.swift; sourceTree = "<group>"; };
		5A3F09C920EC20FD0041AA49 /* ReminderDescBorder.swift */ = {isa = PBXFileReference; lastKnownFileType = sourcecode.swift; path = ReminderDescBorder.swift; sourceTree = "<group>"; };
		5A511E4120D050D1002EAC07 /* ReminderTests.swift */ = {isa = PBXFileReference; lastKnownFileType = sourcecode.swift; path = ReminderTests.swift; sourceTree = "<group>"; };
		5A68BB3C20A98EDD00BC0509 /* Lato-Bold.ttf */ = {isa = PBXFileReference; lastKnownFileType = file; path = "Lato-Bold.ttf"; sourceTree = "<group>"; };
		5A68BB3D20A98EDD00BC0509 /* Lato-Light.ttf */ = {isa = PBXFileReference; lastKnownFileType = file; path = "Lato-Light.ttf"; sourceTree = "<group>"; };
		5A68BB3E20A98EDD00BC0509 /* Lato-Medium.ttf */ = {isa = PBXFileReference; lastKnownFileType = file; path = "Lato-Medium.ttf"; sourceTree = "<group>"; };
		5A68BB3F20A98EDD00BC0509 /* Lato-Regular.ttf */ = {isa = PBXFileReference; lastKnownFileType = file; path = "Lato-Regular.ttf"; sourceTree = "<group>"; };
		5A68BB4020A98EDD00BC0509 /* Lato-Semibold.ttf */ = {isa = PBXFileReference; lastKnownFileType = file; path = "Lato-Semibold.ttf"; sourceTree = "<group>"; };
		5A68BB4120A98EDD00BC0509 /* Lato-Thin.ttf */ = {isa = PBXFileReference; lastKnownFileType = file; path = "Lato-Thin.ttf"; sourceTree = "<group>"; };
		5A68BB4E20ACD7A000BC0509 /* CategoryBtnShadow.swift */ = {isa = PBXFileReference; lastKnownFileType = sourcecode.swift; path = CategoryBtnShadow.swift; sourceTree = "<group>"; };
		5A68BB5220AEB46700BC0509 /* UNService.swift */ = {isa = PBXFileReference; lastKnownFileType = sourcecode.swift; path = UNService.swift; sourceTree = "<group>"; };
		5A68BB5620B3606C00BC0509 /* NotificationAuthorizationOptions.swift */ = {isa = PBXFileReference; lastKnownFileType = sourcecode.swift; path = NotificationAuthorizationOptions.swift; sourceTree = "<group>"; };
		5A68BB5820B362F100BC0509 /* BluepinNotification.swift */ = {isa = PBXFileReference; lastKnownFileType = sourcecode.swift; path = BluepinNotification.swift; sourceTree = "<group>"; };
		5A68BB5C20B363E500BC0509 /* Date+Scheduler.swift */ = {isa = PBXFileReference; lastKnownFileType = sourcecode.swift; path = "Date+Scheduler.swift"; sourceTree = "<group>"; };
		5A68BB5E20B364A900BC0509 /* NotificationSound.swift */ = {isa = PBXFileReference; lastKnownFileType = sourcecode.swift; path = NotificationSound.swift; sourceTree = "<group>"; };
		5A68BB6020B36DF600BC0509 /* NotificationRequest.swift */ = {isa = PBXFileReference; lastKnownFileType = sourcecode.swift; path = NotificationRequest.swift; sourceTree = "<group>"; };
		5A68BB6620BA907600BC0509 /* bluepinTests.xctest */ = {isa = PBXFileReference; explicitFileType = wrapper.cfbundle; includeInIndex = 0; path = bluepinTests.xctest; sourceTree = BUILT_PRODUCTS_DIR; };
		5A68BB6820BA907800BC0509 /* bluepinTests.swift */ = {isa = PBXFileReference; lastKnownFileType = sourcecode.swift; path = bluepinTests.swift; sourceTree = "<group>"; };
		5A68BB6A20BA907900BC0509 /* Info.plist */ = {isa = PBXFileReference; lastKnownFileType = text.plist.xml; path = Info.plist; sourceTree = "<group>"; };
		5A68BB7020BA90C900BC0509 /* NotificationTests.swift */ = {isa = PBXFileReference; lastKnownFileType = sourcecode.swift; path = NotificationTests.swift; sourceTree = "<group>"; };
		5A741DE220E41134000790C8 /* NotificationPersistedQueue.swift */ = {isa = PBXFileReference; lastKnownFileType = sourcecode.swift; path = NotificationPersistedQueue.swift; sourceTree = "<group>"; };
		5A8B043B20E9D7830073387C /* ReminderCategoriesVC.swift */ = {isa = PBXFileReference; lastKnownFileType = sourcecode.swift; path = ReminderCategoriesVC.swift; sourceTree = "<group>"; };
		5A8B043D20E9D7D10073387C /* CategoryRemindersVC.swift */ = {isa = PBXFileReference; lastKnownFileType = sourcecode.swift; path = CategoryRemindersVC.swift; sourceTree = "<group>"; };
		5A8B043F20E9D8460073387C /* ReminderDetailVC.swift */ = {isa = PBXFileReference; lastKnownFileType = sourcecode.swift; path = ReminderDetailVC.swift; sourceTree = "<group>"; };
		5A8B044120E9D85E0073387C /* ReminderConfigurationVC.swift */ = {isa = PBXFileReference; lastKnownFileType = sourcecode.swift; path = ReminderConfigurationVC.swift; sourceTree = "<group>"; };
		5A8B044420E9E9390073387C /* DailyConfigVC.swift */ = {isa = PBXFileReference; lastKnownFileType = sourcecode.swift; path = DailyConfigVC.swift; sourceTree = "<group>"; };
		5A8B044620E9E94B0073387C /* WeeklyConfigVC.swift */ = {isa = PBXFileReference; lastKnownFileType = sourcecode.swift; path = WeeklyConfigVC.swift; sourceTree = "<group>"; };
		5A8B044820E9E95B0073387C /* MonthlyConfigVC.swift */ = {isa = PBXFileReference; lastKnownFileType = sourcecode.swift; path = MonthlyConfigVC.swift; sourceTree = "<group>"; };
		5A8B044A20E9E9720073387C /* OnceConfigVC.swift */ = {isa = PBXFileReference; lastKnownFileType = sourcecode.swift; path = OnceConfigVC.swift; sourceTree = "<group>"; };
		5A9BABB320A5827A000F3976 /* bluepin.app */ = {isa = PBXFileReference; explicitFileType = wrapper.application; includeInIndex = 0; path = bluepin.app; sourceTree = BUILT_PRODUCTS_DIR; };
		5A9BABB620A5827A000F3976 /* AppDelegate.swift */ = {isa = PBXFileReference; lastKnownFileType = sourcecode.swift; path = AppDelegate.swift; sourceTree = "<group>"; };
		5A9BABB820A5827A000F3976 /* MyRemindersVC.swift */ = {isa = PBXFileReference; lastKnownFileType = sourcecode.swift; path = MyRemindersVC.swift; sourceTree = "<group>"; };
		5A9BABBB20A5827A000F3976 /* Base */ = {isa = PBXFileReference; lastKnownFileType = file.storyboard; name = Base; path = Base.lproj/Main.storyboard; sourceTree = "<group>"; };
		5A9BABBD20A5827A000F3976 /* Assets.xcassets */ = {isa = PBXFileReference; lastKnownFileType = folder.assetcatalog; path = Assets.xcassets; sourceTree = "<group>"; };
		5A9BABC020A5827A000F3976 /* Base */ = {isa = PBXFileReference; lastKnownFileType = file.storyboard; name = Base; path = Base.lproj/LaunchScreen.storyboard; sourceTree = "<group>"; };
		5A9BABC220A5827A000F3976 /* Info.plist */ = {isa = PBXFileReference; lastKnownFileType = text.plist.xml; path = Info.plist; sourceTree = "<group>"; };
		5AAD5C8520BBDA4E00E86806 /* NotificationScheduleTests.swift */ = {isa = PBXFileReference; lastKnownFileType = sourcecode.swift; path = NotificationScheduleTests.swift; sourceTree = "<group>"; };
		5AAD5C8720BFD99500E86806 /* SortedArray.swift */ = {isa = PBXFileReference; fileEncoding = 4; lastKnownFileType = sourcecode.swift; path = SortedArray.swift; sourceTree = "<group>"; };
		5AB1EC5D20EF7630003F64C3 /* Constants.swift */ = {isa = PBXFileReference; lastKnownFileType = sourcecode.swift; path = Constants.swift; sourceTree = "<group>"; };
		A177FD89C421EE26BCB0D26D /* Pods-bluepinTests.release.xcconfig */ = {isa = PBXFileReference; includeInIndex = 1; lastKnownFileType = text.xcconfig; name = "Pods-bluepinTests.release.xcconfig"; path = "Pods/Target Support Files/Pods-bluepinTests/Pods-bluepinTests.release.xcconfig"; sourceTree = "<group>"; };
		AB82EABDB47B33DCD2DCB862 /* Pods_bluepin.framework */ = {isa = PBXFileReference; explicitFileType = wrapper.framework; includeInIndex = 0; path = Pods_bluepin.framework; sourceTree = BUILT_PRODUCTS_DIR; };
		BDF68BA3CB2DBB09EF10A0C7 /* Pods-bluepin.debug.xcconfig */ = {isa = PBXFileReference; includeInIndex = 1; lastKnownFileType = text.xcconfig; name = "Pods-bluepin.debug.xcconfig"; path = "Pods/Target Support Files/Pods-bluepin/Pods-bluepin.debug.xcconfig"; sourceTree = "<group>"; };
/* End PBXFileReference section */

/* Begin PBXFrameworksBuildPhase section */
		5A68BB6320BA907600BC0509 /* Frameworks */ = {
			isa = PBXFrameworksBuildPhase;
			buildActionMask = 2147483647;
			files = (
				5DE0977A21C3C3BE53603D00 /* Pods_bluepinTests.framework in Frameworks */,
			);
			runOnlyForDeploymentPostprocessing = 0;
		};
		5A9BABB020A5827A000F3976 /* Frameworks */ = {
			isa = PBXFrameworksBuildPhase;
			buildActionMask = 2147483647;
			files = (
				FB148E54D5F4D729AA7FD1F2 /* Pods_bluepin.framework in Frameworks */,
			);
			runOnlyForDeploymentPostprocessing = 0;
		};
/* End PBXFrameworksBuildPhase section */

/* Begin PBXGroup section */
		5A03A4AE20E8A1D200BC46EC /* model */ = {
			isa = PBXGroup;
			children = (
				5A03A4AF20E8CEFF00BC46EC /* BPNotificationInfo.swift */,
			);
			path = model;
			sourceTree = "<group>";
		};
		5A68BB3B20A98EDD00BC0509 /* lato */ = {
			isa = PBXGroup;
			children = (
				5A68BB3C20A98EDD00BC0509 /* Lato-Bold.ttf */,
				5A68BB3D20A98EDD00BC0509 /* Lato-Light.ttf */,
				5A68BB3E20A98EDD00BC0509 /* Lato-Medium.ttf */,
				5A68BB3F20A98EDD00BC0509 /* Lato-Regular.ttf */,
				5A68BB4020A98EDD00BC0509 /* Lato-Semibold.ttf */,
				5A68BB4120A98EDD00BC0509 /* Lato-Thin.ttf */,
			);
			path = lato;
			sourceTree = "<group>";
		};
		5A68BB4C20ACD76600BC0509 /* view */ = {
			isa = PBXGroup;
			children = (
				5A175BC220ECA6240007DC67 /* GMStepper.swift */,
				5A68BB4E20ACD7A000BC0509 /* CategoryBtnShadow.swift */,
				5A3F09C920EC20FD0041AA49 /* ReminderDescBorder.swift */,
			);
			path = view;
			sourceTree = "<group>";
		};
		5A68BB4D20ACD76A00BC0509 /* controller */ = {
			isa = PBXGroup;
			children = (
				5A9BABB620A5827A000F3976 /* AppDelegate.swift */,
				5A9BABB820A5827A000F3976 /* MyRemindersVC.swift */,
				5A8B043B20E9D7830073387C /* ReminderCategoriesVC.swift */,
				5A8B043D20E9D7D10073387C /* CategoryRemindersVC.swift */,
				5A8B043F20E9D8460073387C /* ReminderDetailVC.swift */,
				5A8B044320E9E9170073387C /* ConfigurationVC */,
			);
			path = controller;
			sourceTree = "<group>";
		};
		5A68BB5120AEB45100BC0509 /* service */ = {
			isa = PBXGroup;
			children = (
				5A68BB5220AEB46700BC0509 /* UNService.swift */,
				5A68BB5820B362F100BC0509 /* BluepinNotification.swift */,
				5A68BB6020B36DF600BC0509 /* NotificationRequest.swift */,
				5A68BB5620B3606C00BC0509 /* NotificationAuthorizationOptions.swift */,
				5A741DE220E41134000790C8 /* NotificationPersistedQueue.swift */,
			);
			path = service;
			sourceTree = "<group>";
		};
		5A68BB5A20B363C700BC0509 /* util */ = {
			isa = PBXGroup;
			children = (
				5A68BB5B20B363CD00BC0509 /* extensions */,
				5A68BB5E20B364A900BC0509 /* NotificationSound.swift */,
				5AAD5C8720BFD99500E86806 /* SortedArray.swift */,
				5AB1EC5D20EF7630003F64C3 /* Constants.swift */,
			);
			path = util;
			sourceTree = "<group>";
		};
		5A68BB5B20B363CD00BC0509 /* extensions */ = {
			isa = PBXGroup;
			children = (
				5A68BB5C20B363E500BC0509 /* Date+Scheduler.swift */,
			);
			path = extensions;
			sourceTree = "<group>";
		};
		5A68BB6720BA907800BC0509 /* bluepinTests */ = {
			isa = PBXGroup;
			children = (
				5A511E4120D050D1002EAC07 /* ReminderTests.swift */,
				5A68BB7020BA90C900BC0509 /* NotificationTests.swift */,
				5AAD5C8520BBDA4E00E86806 /* NotificationScheduleTests.swift */,
				5A68BB6820BA907800BC0509 /* bluepinTests.swift */,
				5A68BB6A20BA907900BC0509 /* Info.plist */,
			);
			path = bluepinTests;
			sourceTree = "<group>";
		};
		5A8B044320E9E9170073387C /* ConfigurationVC */ = {
			isa = PBXGroup;
			children = (
				5A8B044120E9D85E0073387C /* ReminderConfigurationVC.swift */,
				5A8B044A20E9E9720073387C /* OnceConfigVC.swift */,
				5A8B044420E9E9390073387C /* DailyConfigVC.swift */,
				5A8B044620E9E94B0073387C /* WeeklyConfigVC.swift */,
				5A8B044820E9E95B0073387C /* MonthlyConfigVC.swift */,
				5A175BC420ED71A40007DC67 /* DatePickerPopupVC.swift */,
			);
			path = ConfigurationVC;
			sourceTree = "<group>";
		};
		5A9BABAA20A5827A000F3976 = {
			isa = PBXGroup;
			children = (
				5A9BABB520A5827A000F3976 /* bluepin */,
				5A68BB6720BA907800BC0509 /* bluepinTests */,
				5A9BABB420A5827A000F3976 /* Products */,
				8B05332F08711FF4B0959126 /* Pods */,
				E26C55FEA1CAD37A7B0B1EB1 /* Frameworks */,
			);
			sourceTree = "<group>";
		};
		5A9BABB420A5827A000F3976 /* Products */ = {
			isa = PBXGroup;
			children = (
				5A9BABB320A5827A000F3976 /* bluepin.app */,
				5A68BB6620BA907600BC0509 /* bluepinTests.xctest */,
			);
			name = Products;
			sourceTree = "<group>";
		};
		5A9BABB520A5827A000F3976 /* bluepin */ = {
			isa = PBXGroup;
			children = (
				5A68BB5A20B363C700BC0509 /* util */,
				5A68BB5120AEB45100BC0509 /* service */,
				5A68BB4D20ACD76A00BC0509 /* controller */,
				5A03A4AE20E8A1D200BC46EC /* model */,
				5A68BB4C20ACD76600BC0509 /* view */,
				5A68BB3B20A98EDD00BC0509 /* lato */,
				5A9BABBA20A5827A000F3976 /* Main.storyboard */,
				5A9BABBD20A5827A000F3976 /* Assets.xcassets */,
				5A9BABBF20A5827A000F3976 /* LaunchScreen.storyboard */,
				5A9BABC220A5827A000F3976 /* Info.plist */,
			);
			path = bluepin;
			sourceTree = "<group>";
		};
		8B05332F08711FF4B0959126 /* Pods */ = {
			isa = PBXGroup;
			children = (
				BDF68BA3CB2DBB09EF10A0C7 /* Pods-bluepin.debug.xcconfig */,
				172DB99B0711A3FA9E5040E4 /* Pods-bluepin.release.xcconfig */,
				21BF6B9718972D558FA58FAB /* Pods-bluepinTests.debug.xcconfig */,
				A177FD89C421EE26BCB0D26D /* Pods-bluepinTests.release.xcconfig */,
			);
			name = Pods;
			sourceTree = "<group>";
		};
		E26C55FEA1CAD37A7B0B1EB1 /* Frameworks */ = {
			isa = PBXGroup;
			children = (
				AB82EABDB47B33DCD2DCB862 /* Pods_bluepin.framework */,
				1DF0D040215200B99F16452E /* Pods_bluepinTests.framework */,
			);
			name = Frameworks;
			sourceTree = "<group>";
		};
/* End PBXGroup section */

/* Begin PBXNativeTarget section */
		5A68BB6520BA907600BC0509 /* bluepinTests */ = {
			isa = PBXNativeTarget;
			buildConfigurationList = 5A68BB6D20BA907900BC0509 /* Build configuration list for PBXNativeTarget "bluepinTests" */;
			buildPhases = (
				C0C93F0133B1281AF8D2D505 /* [CP] Check Pods Manifest.lock */,
				5A68BB6220BA907600BC0509 /* Sources */,
				5A68BB6320BA907600BC0509 /* Frameworks */,
				5A68BB6420BA907600BC0509 /* Resources */,
			);
			buildRules = (
			);
			dependencies = (
				5A68BB6C20BA907900BC0509 /* PBXTargetDependency */,
			);
			name = bluepinTests;
			productName = bluepinTests;
			productReference = 5A68BB6620BA907600BC0509 /* bluepinTests.xctest */;
			productType = "com.apple.product-type.bundle.unit-test";
		};
		5A9BABB220A5827A000F3976 /* bluepin */ = {
			isa = PBXNativeTarget;
			buildConfigurationList = 5A9BABC520A5827A000F3976 /* Build configuration list for PBXNativeTarget "bluepin" */;
			buildPhases = (
				8738D9E2CE07B9CA9219DDAA /* [CP] Check Pods Manifest.lock */,
				5A9BABAF20A5827A000F3976 /* Sources */,
				5A9BABB020A5827A000F3976 /* Frameworks */,
				5A9BABB120A5827A000F3976 /* Resources */,
				CBDE4AD4BFF021DD3DFCB7D2 /* [CP] Embed Pods Frameworks */,
			);
			buildRules = (
			);
			dependencies = (
			);
			name = bluepin;
			productName = bluepin;
			productReference = 5A9BABB320A5827A000F3976 /* bluepin.app */;
			productType = "com.apple.product-type.application";
		};
/* End PBXNativeTarget section */

/* Begin PBXProject section */
		5A9BABAB20A5827A000F3976 /* Project object */ = {
			isa = PBXProject;
			attributes = {
				LastSwiftUpdateCheck = 0920;
				LastUpgradeCheck = 0940;
				ORGANIZATIONNAME = "Alex Alimov";
				TargetAttributes = {
					5A68BB6520BA907600BC0509 = {
						CreatedOnToolsVersion = 9.2;
						ProvisioningStyle = Automatic;
						TestTargetID = 5A9BABB220A5827A000F3976;
					};
					5A9BABB220A5827A000F3976 = {
						CreatedOnToolsVersion = 9.2;
						LastSwiftMigration = 0940;
						ProvisioningStyle = Automatic;
					};
				};
			};
			buildConfigurationList = 5A9BABAE20A5827A000F3976 /* Build configuration list for PBXProject "bluepin" */;
			compatibilityVersion = "Xcode 8.0";
			developmentRegion = en;
			hasScannedForEncodings = 0;
			knownRegions = (
				en,
				Base,
			);
			mainGroup = 5A9BABAA20A5827A000F3976;
			productRefGroup = 5A9BABB420A5827A000F3976 /* Products */;
			projectDirPath = "";
			projectRoot = "";
			targets = (
				5A9BABB220A5827A000F3976 /* bluepin */,
				5A68BB6520BA907600BC0509 /* bluepinTests */,
			);
		};
/* End PBXProject section */

/* Begin PBXResourcesBuildPhase section */
		5A68BB6420BA907600BC0509 /* Resources */ = {
			isa = PBXResourcesBuildPhase;
			buildActionMask = 2147483647;
			files = (
			);
			runOnlyForDeploymentPostprocessing = 0;
		};
		5A9BABB120A5827A000F3976 /* Resources */ = {
			isa = PBXResourcesBuildPhase;
			buildActionMask = 2147483647;
			files = (
				5A68BB4320A98EDE00BC0509 /* Lato-Light.ttf in Resources */,
				5A68BB4720A98EDE00BC0509 /* Lato-Thin.ttf in Resources */,
				5A68BB4620A98EDE00BC0509 /* Lato-Semibold.ttf in Resources */,
				5A68BB4420A98EDE00BC0509 /* Lato-Medium.ttf in Resources */,
				5A9BABC120A5827A000F3976 /* LaunchScreen.storyboard in Resources */,
				5A9BABBE20A5827A000F3976 /* Assets.xcassets in Resources */,
				5A68BB4520A98EDE00BC0509 /* Lato-Regular.ttf in Resources */,
				5A9BABBC20A5827A000F3976 /* Main.storyboard in Resources */,
				5A68BB4220A98EDE00BC0509 /* Lato-Bold.ttf in Resources */,
			);
			runOnlyForDeploymentPostprocessing = 0;
		};
/* End PBXResourcesBuildPhase section */

/* Begin PBXShellScriptBuildPhase section */
		8738D9E2CE07B9CA9219DDAA /* [CP] Check Pods Manifest.lock */ = {
			isa = PBXShellScriptBuildPhase;
			buildActionMask = 2147483647;
			files = (
			);
			inputPaths = (
				"${PODS_PODFILE_DIR_PATH}/Podfile.lock",
				"${PODS_ROOT}/Manifest.lock",
			);
			name = "[CP] Check Pods Manifest.lock";
			outputPaths = (
				"$(DERIVED_FILE_DIR)/Pods-bluepin-checkManifestLockResult.txt",
			);
			runOnlyForDeploymentPostprocessing = 0;
			shellPath = /bin/sh;
			shellScript = "diff \"${PODS_PODFILE_DIR_PATH}/Podfile.lock\" \"${PODS_ROOT}/Manifest.lock\" > /dev/null\nif [ $? != 0 ] ; then\n    # print error to STDERR\n    echo \"error: The sandbox is not in sync with the Podfile.lock. Run 'pod install' or update your CocoaPods installation.\" >&2\n    exit 1\nfi\n# This output is used by Xcode 'outputs' to avoid re-running this script phase.\necho \"SUCCESS\" > \"${SCRIPT_OUTPUT_FILE_0}\"\n";
			showEnvVarsInLog = 0;
		};
		C0C93F0133B1281AF8D2D505 /* [CP] Check Pods Manifest.lock */ = {
			isa = PBXShellScriptBuildPhase;
			buildActionMask = 2147483647;
			files = (
			);
			inputPaths = (
				"${PODS_PODFILE_DIR_PATH}/Podfile.lock",
				"${PODS_ROOT}/Manifest.lock",
			);
			name = "[CP] Check Pods Manifest.lock";
			outputPaths = (
				"$(DERIVED_FILE_DIR)/Pods-bluepinTests-checkManifestLockResult.txt",
			);
			runOnlyForDeploymentPostprocessing = 0;
			shellPath = /bin/sh;
			shellScript = "diff \"${PODS_PODFILE_DIR_PATH}/Podfile.lock\" \"${PODS_ROOT}/Manifest.lock\" > /dev/null\nif [ $? != 0 ] ; then\n    # print error to STDERR\n    echo \"error: The sandbox is not in sync with the Podfile.lock. Run 'pod install' or update your CocoaPods installation.\" >&2\n    exit 1\nfi\n# This output is used by Xcode 'outputs' to avoid re-running this script phase.\necho \"SUCCESS\" > \"${SCRIPT_OUTPUT_FILE_0}\"\n";
			showEnvVarsInLog = 0;
		};
		CBDE4AD4BFF021DD3DFCB7D2 /* [CP] Embed Pods Frameworks */ = {
			isa = PBXShellScriptBuildPhase;
			buildActionMask = 2147483647;
			files = (
			);
			inputPaths = (
				"${SRCROOT}/Pods/Target Support Files/Pods-bluepin/Pods-bluepin-frameworks.sh",
				"${BUILT_PRODUCTS_DIR}/DynamicBlurView/DynamicBlurView.framework",
				"${BUILT_PRODUCTS_DIR}/Pageboy/Pageboy.framework",
				"${BUILT_PRODUCTS_DIR}/PopupDialog/PopupDialog.framework",
				"${BUILT_PRODUCTS_DIR}/SwiftDate/SwiftDate.framework",
			);
			name = "[CP] Embed Pods Frameworks";
			outputPaths = (
				"${TARGET_BUILD_DIR}/${FRAMEWORKS_FOLDER_PATH}/DynamicBlurView.framework",
				"${TARGET_BUILD_DIR}/${FRAMEWORKS_FOLDER_PATH}/Pageboy.framework",
				"${TARGET_BUILD_DIR}/${FRAMEWORKS_FOLDER_PATH}/PopupDialog.framework",
				"${TARGET_BUILD_DIR}/${FRAMEWORKS_FOLDER_PATH}/SwiftDate.framework",
			);
			runOnlyForDeploymentPostprocessing = 0;
			shellPath = /bin/sh;
			shellScript = "\"${SRCROOT}/Pods/Target Support Files/Pods-bluepin/Pods-bluepin-frameworks.sh\"\n";
			showEnvVarsInLog = 0;
		};
/* End PBXShellScriptBuildPhase section */

/* Begin PBXSourcesBuildPhase section */
		5A68BB6220BA907600BC0509 /* Sources */ = {
			isa = PBXSourcesBuildPhase;
			buildActionMask = 2147483647;
			files = (
				5A68BB7120BA90C900BC0509 /* NotificationTests.swift in Sources */,
				5A68BB6920BA907800BC0509 /* bluepinTests.swift in Sources */,
				5AAD5C8620BBDA4E00E86806 /* NotificationScheduleTests.swift in Sources */,
				5A741DE420E43926000790C8 /* ReminderTests.swift in Sources */,
			);
			runOnlyForDeploymentPostprocessing = 0;
		};
		5A9BABAF20A5827A000F3976 /* Sources */ = {
			isa = PBXSourcesBuildPhase;
			buildActionMask = 2147483647;
			files = (
				5A03A4B020E8CEFF00BC46EC /* BPNotificationInfo.swift in Sources */,
				5A8B044920E9E95B0073387C /* MonthlyConfigVC.swift in Sources */,
				5A8B044020E9D8460073387C /* ReminderDetailVC.swift in Sources */,
				5A9BABB920A5827A000F3976 /* MyRemindersVC.swift in Sources */,
				5A68BB4F20ACD7A000BC0509 /* CategoryBtnShadow.swift in Sources */,
				5A68BB5F20B364A900BC0509 /* NotificationSound.swift in Sources */,
				5A3F09CA20EC20FD0041AA49 /* ReminderDescBorder.swift in Sources */,
				5A68BB5920B362F100BC0509 /* BluepinNotification.swift in Sources */,
				5AAD5C8820BFD99600E86806 /* SortedArray.swift in Sources */,
				5A68BB5720B3606C00BC0509 /* NotificationAuthorizationOptions.swift in Sources */,
				5A68BB5320AEB46700BC0509 /* UNService.swift in Sources */,
				5A8B043E20E9D7D10073387C /* CategoryRemindersVC.swift in Sources */,
				5A8B043C20E9D7830073387C /* ReminderCategoriesVC.swift in Sources */,
				5A8B044720E9E94B0073387C /* WeeklyConfigVC.swift in Sources */,
				5A8B044520E9E9390073387C /* DailyConfigVC.swift in Sources */,
				5A175BC520ED71A40007DC67 /* DatePickerPopupVC.swift in Sources */,
				5A9BABB720A5827A000F3976 /* AppDelegate.swift in Sources */,
				5A741DE320E41134000790C8 /* NotificationPersistedQueue.swift in Sources */,
				5A68BB6120B36DF600BC0509 /* NotificationRequest.swift in Sources */,
				5A8B044B20E9E9720073387C /* OnceConfigVC.swift in Sources */,
				5A68BB5D20B363E500BC0509 /* Date+Scheduler.swift in Sources */,
				5A8B044220E9D85E0073387C /* ReminderConfigurationVC.swift in Sources */,
				5A175BC320ECA6240007DC67 /* GMStepper.swift in Sources */,
				5AB1EC5E20EF7630003F64C3 /* Constants.swift in Sources */,
			);
			runOnlyForDeploymentPostprocessing = 0;
		};
/* End PBXSourcesBuildPhase section */

/* Begin PBXTargetDependency section */
		5A68BB6C20BA907900BC0509 /* PBXTargetDependency */ = {
			isa = PBXTargetDependency;
			target = 5A9BABB220A5827A000F3976 /* bluepin */;
			targetProxy = 5A68BB6B20BA907900BC0509 /* PBXContainerItemProxy */;
		};
/* End PBXTargetDependency section */

/* Begin PBXVariantGroup section */
		5A9BABBA20A5827A000F3976 /* Main.storyboard */ = {
			isa = PBXVariantGroup;
			children = (
				5A9BABBB20A5827A000F3976 /* Base */,
			);
			name = Main.storyboard;
			sourceTree = "<group>";
		};
		5A9BABBF20A5827A000F3976 /* LaunchScreen.storyboard */ = {
			isa = PBXVariantGroup;
			children = (
				5A9BABC020A5827A000F3976 /* Base */,
			);
			name = LaunchScreen.storyboard;
			sourceTree = "<group>";
		};
/* End PBXVariantGroup section */

/* Begin XCBuildConfiguration section */
		5A68BB6E20BA907900BC0509 /* Debug */ = {
			isa = XCBuildConfiguration;
			baseConfigurationReference = 21BF6B9718972D558FA58FAB /* Pods-bluepinTests.debug.xcconfig */;
			buildSettings = {
				BUNDLE_LOADER = "$(TEST_HOST)";
				CODE_SIGN_STYLE = Automatic;
				DEVELOPMENT_TEAM = M2D39CNGJ2;
				INFOPLIST_FILE = bluepinTests/Info.plist;
				LD_RUNPATH_SEARCH_PATHS = "$(inherited) @executable_path/Frameworks @loader_path/Frameworks";
				PRODUCT_BUNDLE_IDENTIFIER = com.bluepinapp.bluepinTests;
				PRODUCT_NAME = "$(TARGET_NAME)";
				SWIFT_VERSION = 4.0;
				TARGETED_DEVICE_FAMILY = "1,2";
				TEST_HOST = "$(BUILT_PRODUCTS_DIR)/bluepin.app/bluepin";
			};
			name = Debug;
		};
		5A68BB6F20BA907900BC0509 /* Release */ = {
			isa = XCBuildConfiguration;
			baseConfigurationReference = A177FD89C421EE26BCB0D26D /* Pods-bluepinTests.release.xcconfig */;
			buildSettings = {
				BUNDLE_LOADER = "$(TEST_HOST)";
				CODE_SIGN_STYLE = Automatic;
				DEVELOPMENT_TEAM = M2D39CNGJ2;
				INFOPLIST_FILE = bluepinTests/Info.plist;
				LD_RUNPATH_SEARCH_PATHS = "$(inherited) @executable_path/Frameworks @loader_path/Frameworks";
				PRODUCT_BUNDLE_IDENTIFIER = com.bluepinapp.bluepinTests;
				PRODUCT_NAME = "$(TARGET_NAME)";
				SWIFT_VERSION = 4.0;
				TARGETED_DEVICE_FAMILY = "1,2";
				TEST_HOST = "$(BUILT_PRODUCTS_DIR)/bluepin.app/bluepin";
			};
			name = Release;
		};
		5A9BABC320A5827A000F3976 /* Debug */ = {
			isa = XCBuildConfiguration;
			buildSettings = {
				ALWAYS_SEARCH_USER_PATHS = NO;
				CLANG_ANALYZER_NONNULL = YES;
				CLANG_ANALYZER_NUMBER_OBJECT_CONVERSION = YES_AGGRESSIVE;
				CLANG_CXX_LANGUAGE_STANDARD = "gnu++14";
				CLANG_CXX_LIBRARY = "libc++";
				CLANG_ENABLE_MODULES = YES;
				CLANG_ENABLE_OBJC_ARC = YES;
				CLANG_WARN_BLOCK_CAPTURE_AUTORELEASING = YES;
				CLANG_WARN_BOOL_CONVERSION = YES;
				CLANG_WARN_COMMA = YES;
				CLANG_WARN_CONSTANT_CONVERSION = YES;
				CLANG_WARN_DEPRECATED_OBJC_IMPLEMENTATIONS = YES;
				CLANG_WARN_DIRECT_OBJC_ISA_USAGE = YES_ERROR;
				CLANG_WARN_DOCUMENTATION_COMMENTS = YES;
				CLANG_WARN_EMPTY_BODY = YES;
				CLANG_WARN_ENUM_CONVERSION = YES;
				CLANG_WARN_INFINITE_RECURSION = YES;
				CLANG_WARN_INT_CONVERSION = YES;
				CLANG_WARN_NON_LITERAL_NULL_CONVERSION = YES;
				CLANG_WARN_OBJC_IMPLICIT_RETAIN_SELF = YES;
				CLANG_WARN_OBJC_LITERAL_CONVERSION = YES;
				CLANG_WARN_OBJC_ROOT_CLASS = YES_ERROR;
				CLANG_WARN_RANGE_LOOP_ANALYSIS = YES;
				CLANG_WARN_STRICT_PROTOTYPES = YES;
				CLANG_WARN_SUSPICIOUS_MOVE = YES;
				CLANG_WARN_UNGUARDED_AVAILABILITY = YES_AGGRESSIVE;
				CLANG_WARN_UNREACHABLE_CODE = YES;
				CLANG_WARN__DUPLICATE_METHOD_MATCH = YES;
				CODE_SIGN_IDENTITY = "iPhone Developer";
				COPY_PHASE_STRIP = NO;
				DEBUG_INFORMATION_FORMAT = dwarf;
				ENABLE_STRICT_OBJC_MSGSEND = YES;
				ENABLE_TESTABILITY = YES;
				GCC_C_LANGUAGE_STANDARD = gnu11;
				GCC_DYNAMIC_NO_PIC = NO;
				GCC_NO_COMMON_BLOCKS = YES;
				GCC_OPTIMIZATION_LEVEL = 0;
				GCC_PREPROCESSOR_DEFINITIONS = (
					"DEBUG=1",
					"$(inherited)",
				);
				GCC_WARN_64_TO_32_BIT_CONVERSION = YES;
				GCC_WARN_ABOUT_RETURN_TYPE = YES_ERROR;
				GCC_WARN_UNDECLARED_SELECTOR = YES;
				GCC_WARN_UNINITIALIZED_AUTOS = YES_AGGRESSIVE;
				GCC_WARN_UNUSED_FUNCTION = YES;
				GCC_WARN_UNUSED_VARIABLE = YES;
				IPHONEOS_DEPLOYMENT_TARGET = 11.2;
				MTL_ENABLE_DEBUG_INFO = YES;
				ONLY_ACTIVE_ARCH = YES;
				SDKROOT = iphoneos;
				SWIFT_ACTIVE_COMPILATION_CONDITIONS = DEBUG;
				SWIFT_OPTIMIZATION_LEVEL = "-Onone";
			};
			name = Debug;
		};
		5A9BABC420A5827A000F3976 /* Release */ = {
			isa = XCBuildConfiguration;
			buildSettings = {
				ALWAYS_SEARCH_USER_PATHS = NO;
				CLANG_ANALYZER_NONNULL = YES;
				CLANG_ANALYZER_NUMBER_OBJECT_CONVERSION = YES_AGGRESSIVE;
				CLANG_CXX_LANGUAGE_STANDARD = "gnu++14";
				CLANG_CXX_LIBRARY = "libc++";
				CLANG_ENABLE_MODULES = YES;
				CLANG_ENABLE_OBJC_ARC = YES;
				CLANG_WARN_BLOCK_CAPTURE_AUTORELEASING = YES;
				CLANG_WARN_BOOL_CONVERSION = YES;
				CLANG_WARN_COMMA = YES;
				CLANG_WARN_CONSTANT_CONVERSION = YES;
				CLANG_WARN_DEPRECATED_OBJC_IMPLEMENTATIONS = YES;
				CLANG_WARN_DIRECT_OBJC_ISA_USAGE = YES_ERROR;
				CLANG_WARN_DOCUMENTATION_COMMENTS = YES;
				CLANG_WARN_EMPTY_BODY = YES;
				CLANG_WARN_ENUM_CONVERSION = YES;
				CLANG_WARN_INFINITE_RECURSION = YES;
				CLANG_WARN_INT_CONVERSION = YES;
				CLANG_WARN_NON_LITERAL_NULL_CONVERSION = YES;
				CLANG_WARN_OBJC_IMPLICIT_RETAIN_SELF = YES;
				CLANG_WARN_OBJC_LITERAL_CONVERSION = YES;
				CLANG_WARN_OBJC_ROOT_CLASS = YES_ERROR;
				CLANG_WARN_RANGE_LOOP_ANALYSIS = YES;
				CLANG_WARN_STRICT_PROTOTYPES = YES;
				CLANG_WARN_SUSPICIOUS_MOVE = YES;
				CLANG_WARN_UNGUARDED_AVAILABILITY = YES_AGGRESSIVE;
				CLANG_WARN_UNREACHABLE_CODE = YES;
				CLANG_WARN__DUPLICATE_METHOD_MATCH = YES;
				CODE_SIGN_IDENTITY = "iPhone Developer";
				COPY_PHASE_STRIP = NO;
				DEBUG_INFORMATION_FORMAT = "dwarf-with-dsym";
				ENABLE_NS_ASSERTIONS = NO;
				ENABLE_STRICT_OBJC_MSGSEND = YES;
				GCC_C_LANGUAGE_STANDARD = gnu11;
				GCC_NO_COMMON_BLOCKS = YES;
				GCC_WARN_64_TO_32_BIT_CONVERSION = YES;
				GCC_WARN_ABOUT_RETURN_TYPE = YES_ERROR;
				GCC_WARN_UNDECLARED_SELECTOR = YES;
				GCC_WARN_UNINITIALIZED_AUTOS = YES_AGGRESSIVE;
				GCC_WARN_UNUSED_FUNCTION = YES;
				GCC_WARN_UNUSED_VARIABLE = YES;
				IPHONEOS_DEPLOYMENT_TARGET = 11.2;
				MTL_ENABLE_DEBUG_INFO = NO;
				SDKROOT = iphoneos;
				SWIFT_OPTIMIZATION_LEVEL = "-Owholemodule";
				VALIDATE_PRODUCT = YES;
			};
			name = Release;
		};
		5A9BABC620A5827A000F3976 /* Debug */ = {
			isa = XCBuildConfiguration;
			baseConfigurationReference = BDF68BA3CB2DBB09EF10A0C7 /* Pods-bluepin.debug.xcconfig */;
			buildSettings = {
				ASSETCATALOG_COMPILER_APPICON_NAME = AppIcon;
				CLANG_ENABLE_MODULES = YES;
				"CODE_SIGN_IDENTITY[sdk=iphoneos*]" = "iPhone Developer";
				CODE_SIGN_STYLE = Automatic;
				DEVELOPMENT_TEAM = M2D39CNGJ2;
				INFOPLIST_FILE = bluepin/Info.plist;
				IPHONEOS_DEPLOYMENT_TARGET = 10.3;
				LD_RUNPATH_SEARCH_PATHS = "$(inherited) @executable_path/Frameworks";
				PRODUCT_BUNDLE_IDENTIFIER = com.bluepinapp.bluepin;
				PRODUCT_NAME = "$(TARGET_NAME)";
				PROVISIONING_PROFILE_SPECIFIER = "";
				SWIFT_OBJC_BRIDGING_HEADER = "";
				SWIFT_OPTIMIZATION_LEVEL = "-Onone";
				SWIFT_VERSION = 4.0;
				TARGETED_DEVICE_FAMILY = "1,2";
			};
			name = Debug;
		};
		5A9BABC720A5827A000F3976 /* Release */ = {
			isa = XCBuildConfiguration;
			baseConfigurationReference = 172DB99B0711A3FA9E5040E4 /* Pods-bluepin.release.xcconfig */;
			buildSettings = {
				ASSETCATALOG_COMPILER_APPICON_NAME = AppIcon;
				CLANG_ENABLE_MODULES = YES;
				"CODE_SIGN_IDENTITY[sdk=iphoneos*]" = "iPhone Developer";
				CODE_SIGN_STYLE = Automatic;
				DEVELOPMENT_TEAM = M2D39CNGJ2;
				INFOPLIST_FILE = bluepin/Info.plist;
				IPHONEOS_DEPLOYMENT_TARGET = 10.3;
				LD_RUNPATH_SEARCH_PATHS = "$(inherited) @executable_path/Frameworks";
				PRODUCT_BUNDLE_IDENTIFIER = com.bluepinapp.bluepin;
				PRODUCT_NAME = "$(TARGET_NAME)";
				PROVISIONING_PROFILE_SPECIFIER = "";
				SWIFT_OBJC_BRIDGING_HEADER = "";
				SWIFT_VERSION = 4.0;
				TARGETED_DEVICE_FAMILY = "1,2";
			};
			name = Release;
		};
/* End XCBuildConfiguration section */

/* Begin XCConfigurationList section */
		5A68BB6D20BA907900BC0509 /* Build configuration list for PBXNativeTarget "bluepinTests" */ = {
			isa = XCConfigurationList;
			buildConfigurations = (
				5A68BB6E20BA907900BC0509 /* Debug */,
				5A68BB6F20BA907900BC0509 /* Release */,
			);
			defaultConfigurationIsVisible = 0;
			defaultConfigurationName = Release;
		};
		5A9BABAE20A5827A000F3976 /* Build configuration list for PBXProject "bluepin" */ = {
			isa = XCConfigurationList;
			buildConfigurations = (
				5A9BABC320A5827A000F3976 /* Debug */,
				5A9BABC420A5827A000F3976 /* Release */,
			);
			defaultConfigurationIsVisible = 0;
			defaultConfigurationName = Release;
		};
		5A9BABC520A5827A000F3976 /* Build configuration list for PBXNativeTarget "bluepin" */ = {
			isa = XCConfigurationList;
			buildConfigurations = (
				5A9BABC620A5827A000F3976 /* Debug */,
				5A9BABC720A5827A000F3976 /* Release */,
			);
			defaultConfigurationIsVisible = 0;
			defaultConfigurationName = Release;
		};
/* End XCConfigurationList section */
	};
	rootObject = 5A9BABAB20A5827A000F3976 /* Project object */;
}
